{
  "name": "che_project",
  "version": "1.0.0",
  "lockfileVersion": 1,
  "requires": true,
  "dependencies": {
    "admin-lte": {
      "version": "2.3.5",
      "resolved": "https://registry.npmjs.org/admin-lte/-/admin-lte-2.3.5.tgz",
      "integrity": "sha1-dmdGnxs+mINNqs8EQoF8/ZomicA="
    }
  }
}
